// !$*UTF8*$!
{
	archiveVersion = 1;
	classes = {
	};
	objectVersion = 56;
	objects = {

/* Begin PBXBuildFile section */
		06319AD629E09E2800665A45 /* NameTableViewCell.swift in Sources */ = {isa = PBXBuildFile; fileRef = 06319AD529E09E2700665A45 /* NameTableViewCell.swift */; };
		06319AD829E0A00E00665A45 /* ViewController+Table.swift in Sources */ = {isa = PBXBuildFile; fileRef = 06319AD729E0A00E00665A45 /* ViewController+Table.swift */; };
		06319ADA29E0A0A200665A45 /* SearchViewController+Search.swift in Sources */ = {isa = PBXBuildFile; fileRef = 06319AD929E0A0A200665A45 /* SearchViewController+Search.swift */; };
		06319ADC29E0A44100665A45 /* MapViewController.swift in Sources */ = {isa = PBXBuildFile; fileRef = 06319ADB29E0A44100665A45 /* MapViewController.swift */; };
		06319ADE29E0AA9300665A45 /* SearchViewController+Table.swift in Sources */ = {isa = PBXBuildFile; fileRef = 06319ADD29E0AA9300665A45 /* SearchViewController+Table.swift */; };
		06F09FB429D5F82D00AF69EF /* AppDelegate.swift in Sources */ = {isa = PBXBuildFile; fileRef = 06F09FB329D5F82D00AF69EF /* AppDelegate.swift */; };
		06F09FB629D5F82D00AF69EF /* SceneDelegate.swift in Sources */ = {isa = PBXBuildFile; fileRef = 06F09FB529D5F82D00AF69EF /* SceneDelegate.swift */; };
		06F09FB829D5F82D00AF69EF /* ViewController.swift in Sources */ = {isa = PBXBuildFile; fileRef = 06F09FB729D5F82D00AF69EF /* ViewController.swift */; };
		06F09FBD29D5F82E00AF69EF /* Assets.xcassets in Resources */ = {isa = PBXBuildFile; fileRef = 06F09FBC29D5F82E00AF69EF /* Assets.xcassets */; };
		06F09FD129D5F9AB00AF69EF /* SnapKit-Dynamic in Frameworks */ = {isa = PBXBuildFile; productRef = 06F09FD029D5F9AB00AF69EF /* SnapKit-Dynamic */; };
		06F09FD329D72D6200AF69EF /* SearchViewController.swift in Sources */ = {isa = PBXBuildFile; fileRef = 06F09FD229D72D6200AF69EF /* SearchViewController.swift */; };
		06F4823429E9A342001FAE19 /* WeatherResponse.swift in Sources */ = {isa = PBXBuildFile; fileRef = 06F4823329E9A342001FAE19 /* WeatherResponse.swift */; };
		06F4823629E9A3A6001FAE19 /* Network.swift in Sources */ = {isa = PBXBuildFile; fileRef = 06F4823529E9A3A6001FAE19 /* Network.swift */; };
		06F4823829E9A8E1001FAE19 /* ViewController+Location.swift in Sources */ = {isa = PBXBuildFile; fileRef = 06F4823729E9A8E1001FAE19 /* ViewController+Location.swift */; };
/* End PBXBuildFile section */

/* Begin PBXFileReference section */
		06319AD529E09E2700665A45 /* NameTableViewCell.swift */ = {isa = PBXFileReference; lastKnownFileType = sourcecode.swift; path = NameTableViewCell.swift; sourceTree = "<group>"; };
		06319AD729E0A00E00665A45 /* ViewController+Table.swift */ = {isa = PBXFileReference; lastKnownFileType = sourcecode.swift; path = "ViewController+Table.swift"; sourceTree = "<group>"; };
		06319AD929E0A0A200665A45 /* SearchViewController+Search.swift */ = {isa = PBXFileReference; lastKnownFileType = sourcecode.swift; path = "SearchViewController+Search.swift"; sourceTree = "<group>"; };
		06319ADB29E0A44100665A45 /* MapViewController.swift */ = {isa = PBXFileReference; lastKnownFileType = sourcecode.swift; path = MapViewController.swift; sourceTree = "<group>"; };
		06319ADD29E0AA9300665A45 /* SearchViewController+Table.swift */ = {isa = PBXFileReference; lastKnownFileType = sourcecode.swift; path = "SearchViewController+Table.swift"; sourceTree = "<group>"; };
		06F09FB029D5F82D00AF69EF /* Image.app */ = {isa = PBXFileReference; explicitFileType = wrapper.application; includeInIndex = 0; path = Image.app; sourceTree = BUILT_PRODUCTS_DIR; };
		06F09FB329D5F82D00AF69EF /* AppDelegate.swift */ = {isa = PBXFileReference; lastKnownFileType = sourcecode.swift; path = AppDelegate.swift; sourceTree = "<group>"; };
		06F09FB529D5F82D00AF69EF /* SceneDelegate.swift */ = {isa = PBXFileReference; lastKnownFileType = sourcecode.swift; path = SceneDelegate.swift; sourceTree = "<group>"; };
		06F09FB729D5F82D00AF69EF /* ViewController.swift */ = {isa = PBXFileReference; lastKnownFileType = sourcecode.swift; path = ViewController.swift; sourceTree = "<group>"; };
		06F09FBC29D5F82E00AF69EF /* Assets.xcassets */ = {isa = PBXFileReference; lastKnownFileType = folder.assetcatalog; path = Assets.xcassets; sourceTree = "<group>"; };
		06F09FC129D5F82E00AF69EF /* Info.plist */ = {isa = PBXFileReference; lastKnownFileType = text.plist.xml; path = Info.plist; sourceTree = "<group>"; };
		06F09FD229D72D6200AF69EF /* SearchViewController.swift */ = {isa = PBXFileReference; lastKnownFileType = sourcecode.swift; path = SearchViewController.swift; sourceTree = "<group>"; };
		06F4823329E9A342001FAE19 /* WeatherResponse.swift */ = {isa = PBXFileReference; lastKnownFileType = sourcecode.swift; path = WeatherResponse.swift; sourceTree = "<group>"; };
		06F4823529E9A3A6001FAE19 /* Network.swift */ = {isa = PBXFileReference; lastKnownFileType = sourcecode.swift; path = Network.swift; sourceTree = "<group>"; };
		06F4823729E9A8E1001FAE19 /* ViewController+Location.swift */ = {isa = PBXFileReference; lastKnownFileType = sourcecode.swift; path = "ViewController+Location.swift"; sourceTree = "<group>"; };
/* End PBXFileReference section */

/* Begin PBXFrameworksBuildPhase section */
		06F09FAD29D5F82D00AF69EF /* Frameworks */ = {
			isa = PBXFrameworksBuildPhase;
			buildActionMask = 2147483647;
			files = (
				06F09FD129D5F9AB00AF69EF /* SnapKit-Dynamic in Frameworks */,
			);
			runOnlyForDeploymentPostprocessing = 0;
		};
/* End PBXFrameworksBuildPhase section */

/* Begin PBXGroup section */
		06319ADF29E0AAD400665A45 /* Search */ = {
			isa = PBXGroup;
			children = (
				06F09FD229D72D6200AF69EF /* SearchViewController.swift */,
				06319AD929E0A0A200665A45 /* SearchViewController+Search.swift */,
				06319ADD29E0AA9300665A45 /* SearchViewController+Table.swift */,
			);
			path = Search;
			sourceTree = "<group>";
		};
		06319AE029E0AB0A00665A45 /* Map */ = {
			isa = PBXGroup;
			children = (
				06319ADB29E0A44100665A45 /* MapViewController.swift */,
			);
			path = Map;
			sourceTree = "<group>";
		};
		06319AE129E0AB2500665A45 /* Temperature */ = {
			isa = PBXGroup;
			children = (
				06F4823929E9A8E6001FAE19 /* Extensions */,
				06F09FB729D5F82D00AF69EF /* ViewController.swift */,
				06319AD529E09E2700665A45 /* NameTableViewCell.swift */,
			);
			path = Temperature;
			sourceTree = "<group>";
		};
		06319AE429E0AB8A00665A45 /* Other */ = {
			isa = PBXGroup;
			children = (
				06F09FC129D5F82E00AF69EF /* Info.plist */,
				06F09FBC29D5F82E00AF69EF /* Assets.xcassets */,
				06F09FB329D5F82D00AF69EF /* AppDelegate.swift */,
				06F09FB529D5F82D00AF69EF /* SceneDelegate.swift */,
			);
			path = Other;
			sourceTree = "<group>";
		};
		06F09FA729D5F82D00AF69EF = {
			isa = PBXGroup;
			children = (
				06F09FB229D5F82D00AF69EF /* Image */,
				06F09FB129D5F82D00AF69EF /* Products */,
			);
			sourceTree = "<group>";
		};
		06F09FB129D5F82D00AF69EF /* Products */ = {
			isa = PBXGroup;
			children = (
				06F09FB029D5F82D00AF69EF /* Image.app */,
			);
			name = Products;
			sourceTree = "<group>";
		};
		06F09FB229D5F82D00AF69EF /* Image */ = {
			isa = PBXGroup;
			children = (
				06F4823229E9A31B001FAE19 /* Network */,
				06319AE129E0AB2500665A45 /* Temperature */,
				06319AE029E0AB0A00665A45 /* Map */,
				06319ADF29E0AAD400665A45 /* Search */,
				06319AE429E0AB8A00665A45 /* Other */,
			);
			path = Image;
			sourceTree = "<group>";
		};
		06F4823229E9A31B001FAE19 /* Network */ = {
			isa = PBXGroup;
			children = (
				06F4823329E9A342001FAE19 /* WeatherResponse.swift */,
				06F4823529E9A3A6001FAE19 /* Network.swift */,
			);
			path = Network;
			sourceTree = "<group>";
		};
		06F4823929E9A8E6001FAE19 /* Extensions */ = {
			isa = PBXGroup;
			children = (
				06319AD729E0A00E00665A45 /* ViewController+Table.swift */,
				06F4823729E9A8E1001FAE19 /* ViewController+Location.swift */,
			);
			path = Extensions;
			sourceTree = "<group>";
		};
/* End PBXGroup section */

/* Begin PBXNativeTarget section */
		06F09FAF29D5F82D00AF69EF /* Image */ = {
			isa = PBXNativeTarget;
			buildConfigurationList = 06F09FC429D5F82E00AF69EF /* Build configuration list for PBXNativeTarget "Image" */;
			buildPhases = (
				06F09FAC29D5F82D00AF69EF /* Sources */,
				06F09FAD29D5F82D00AF69EF /* Frameworks */,
				06F09FAE29D5F82D00AF69EF /* Resources */,
			);
			buildRules = (
			);
			dependencies = (
			);
			name = Image;
			packageProductDependencies = (
				06F09FD029D5F9AB00AF69EF /* SnapKit-Dynamic */,
			);
			productName = Image;
			productReference = 06F09FB029D5F82D00AF69EF /* Image.app */;
			productType = "com.apple.product-type.application";
		};
/* End PBXNativeTarget section */

/* Begin PBXProject section */
		06F09FA829D5F82D00AF69EF /* Project object */ = {
			isa = PBXProject;
			attributes = {
				BuildIndependentTargetsInParallel = 1;
				LastSwiftUpdateCheck = 1420;
				LastUpgradeCheck = 1420;
				TargetAttributes = {
					06F09FAF29D5F82D00AF69EF = {
						CreatedOnToolsVersion = 14.2;
					};
				};
			};
			buildConfigurationList = 06F09FAB29D5F82D00AF69EF /* Build configuration list for PBXProject "Image" */;
			compatibilityVersion = "Xcode 14.0";
			developmentRegion = en;
			hasScannedForEncodings = 0;
			knownRegions = (
				en,
				Base,
			);
			mainGroup = 06F09FA729D5F82D00AF69EF;
			packageReferences = (
				06F09FCF29D5F9AA00AF69EF /* XCRemoteSwiftPackageReference "snapkit" */,
			);
			productRefGroup = 06F09FB129D5F82D00AF69EF /* Products */;
			projectDirPath = "";
			projectRoot = "";
			targets = (
				06F09FAF29D5F82D00AF69EF /* Image */,
			);
		};
/* End PBXProject section */

/* Begin PBXResourcesBuildPhase section */
		06F09FAE29D5F82D00AF69EF /* Resources */ = {
			isa = PBXResourcesBuildPhase;
			buildActionMask = 2147483647;
			files = (
				06F09FBD29D5F82E00AF69EF /* Assets.xcassets in Resources */,
			);
			runOnlyForDeploymentPostprocessing = 0;
		};
/* End PBXResourcesBuildPhase section */

/* Begin PBXSourcesBuildPhase section */
		06F09FAC29D5F82D00AF69EF /* Sources */ = {
			isa = PBXSourcesBuildPhase;
			buildActionMask = 2147483647;
			files = (
				06F09FB829D5F82D00AF69EF /* ViewController.swift in Sources */,
				06319AD829E0A00E00665A45 /* ViewController+Table.swift in Sources */,
				06319ADE29E0AA9300665A45 /* SearchViewController+Table.swift in Sources */,
				06F09FB429D5F82D00AF69EF /* AppDelegate.swift in Sources */,
				06F09FD329D72D6200AF69EF /* SearchViewController.swift in Sources */,
				06F4823629E9A3A6001FAE19 /* Network.swift in Sources */,
				06F4823429E9A342001FAE19 /* WeatherResponse.swift in Sources */,
				06F4823829E9A8E1001FAE19 /* ViewController+Location.swift in Sources */,
				06319ADA29E0A0A200665A45 /* SearchViewController+Search.swift in Sources */,
				06F09FB629D5F82D00AF69EF /* SceneDelegate.swift in Sources */,
				06319AD629E09E2800665A45 /* NameTableViewCell.swift in Sources */,
				06319ADC29E0A44100665A45 /* MapViewController.swift in Sources */,
			);
			runOnlyForDeploymentPostprocessing = 0;
		};
/* End PBXSourcesBuildPhase section */

/* Begin XCBuildConfiguration section */
		06F09FC229D5F82E00AF69EF /* Debug */ = {
			isa = XCBuildConfiguration;
			buildSettings = {
				ALWAYS_SEARCH_USER_PATHS = NO;
				CLANG_ANALYZER_NONNULL = YES;
				CLANG_ANALYZER_NUMBER_OBJECT_CONVERSION = YES_AGGRESSIVE;
				CLANG_CXX_LANGUAGE_STANDARD = "gnu++20";
				CLANG_ENABLE_MODULES = YES;
				CLANG_ENABLE_OBJC_ARC = YES;
				CLANG_ENABLE_OBJC_WEAK = YES;
				CLANG_WARN_BLOCK_CAPTURE_AUTORELEASING = YES;
				CLANG_WARN_BOOL_CONVERSION = YES;
				CLANG_WARN_COMMA = YES;
				CLANG_WARN_CONSTANT_CONVERSION = YES;
				CLANG_WARN_DEPRECATED_OBJC_IMPLEMENTATIONS = YES;
				CLANG_WARN_DIRECT_OBJC_ISA_USAGE = YES_ERROR;
				CLANG_WARN_DOCUMENTATION_COMMENTS = YES;
				CLANG_WARN_EMPTY_BODY = YES;
				CLANG_WARN_ENUM_CONVERSION = YES;
				CLANG_WARN_INFINITE_RECURSION = YES;
				CLANG_WARN_INT_CONVERSION = YES;
				CLANG_WARN_NON_LITERAL_NULL_CONVERSION = YES;
				CLANG_WARN_OBJC_IMPLICIT_RETAIN_SELF = YES;
				CLANG_WARN_OBJC_LITERAL_CONVERSION = YES;
				CLANG_WARN_OBJC_ROOT_CLASS = YES_ERROR;
				CLANG_WARN_QUOTED_INCLUDE_IN_FRAMEWORK_HEADER = YES;
				CLANG_WARN_RANGE_LOOP_ANALYSIS = YES;
				CLANG_WARN_STRICT_PROTOTYPES = YES;
				CLANG_WARN_SUSPICIOUS_MOVE = YES;
				CLANG_WARN_UNGUARDED_AVAILABILITY = YES_AGGRESSIVE;
				CLANG_WARN_UNREACHABLE_CODE = YES;
				CLANG_WARN__DUPLICATE_METHOD_MATCH = YES;
				COPY_PHASE_STRIP = NO;
				DEBUG_INFORMATION_FORMAT = dwarf;
				ENABLE_STRICT_OBJC_MSGSEND = YES;
				ENABLE_TESTABILITY = YES;
				GCC_C_LANGUAGE_STANDARD = gnu11;
				GCC_DYNAMIC_NO_PIC = NO;
				GCC_NO_COMMON_BLOCKS = YES;
				GCC_OPTIMIZATION_LEVEL = 0;
				GCC_PREPROCESSOR_DEFINITIONS = (
					"DEBUG=1",
					"$(inherited)",
				);
				GCC_WARN_64_TO_32_BIT_CONVERSION = YES;
				GCC_WARN_ABOUT_RETURN_TYPE = YES_ERROR;
				GCC_WARN_UNDECLARED_SELECTOR = YES;
				GCC_WARN_UNINITIALIZED_AUTOS = YES_AGGRESSIVE;
				GCC_WARN_UNUSED_FUNCTION = YES;
				GCC_WARN_UNUSED_VARIABLE = YES;
				IPHONEOS_DEPLOYMENT_TARGET = 13.0;
				MTL_ENABLE_DEBUG_INFO = INCLUDE_SOURCE;
				MTL_FAST_MATH = YES;
				ONLY_ACTIVE_ARCH = YES;
				SDKROOT = iphoneos;
				SWIFT_ACTIVE_COMPILATION_CONDITIONS = DEBUG;
				SWIFT_OPTIMIZATION_LEVEL = "-Onone";
			};
			name = Debug;
		};
		06F09FC329D5F82E00AF69EF /* Release */ = {
			isa = XCBuildConfiguration;
			buildSettings = {
				ALWAYS_SEARCH_USER_PATHS = NO;
				CLANG_ANALYZER_NONNULL = YES;
				CLANG_ANALYZER_NUMBER_OBJECT_CONVERSION = YES_AGGRESSIVE;
				CLANG_CXX_LANGUAGE_STANDARD = "gnu++20";
				CLANG_ENABLE_MODULES = YES;
				CLANG_ENABLE_OBJC_ARC = YES;
				CLANG_ENABLE_OBJC_WEAK = YES;
				CLANG_WARN_BLOCK_CAPTURE_AUTORELEASING = YES;
				CLANG_WARN_BOOL_CONVERSION = YES;
				CLANG_WARN_COMMA = YES;
				CLANG_WARN_CONSTANT_CONVERSION = YES;
				CLANG_WARN_DEPRECATED_OBJC_IMPLEMENTATIONS = YES;
				CLANG_WARN_DIRECT_OBJC_ISA_USAGE = YES_ERROR;
				CLANG_WARN_DOCUMENTATION_COMMENTS = YES;
				CLANG_WARN_EMPTY_BODY = YES;
				CLANG_WARN_ENUM_CONVERSION = YES;
				CLANG_WARN_INFINITE_RECURSION = YES;
				CLANG_WARN_INT_CONVERSION = YES;
				CLANG_WARN_NON_LITERAL_NULL_CONVERSION = YES;
				CLANG_WARN_OBJC_IMPLICIT_RETAIN_SELF = YES;
				CLANG_WARN_OBJC_LITERAL_CONVERSION = YES;
				CLANG_WARN_OBJC_ROOT_CLASS = YES_ERROR;
				CLANG_WARN_QUOTED_INCLUDE_IN_FRAMEWORK_HEADER = YES;
				CLANG_WARN_RANGE_LOOP_ANALYSIS = YES;
				CLANG_WARN_STRICT_PROTOTYPES = YES;
				CLANG_WARN_SUSPICIOUS_MOVE = YES;
				CLANG_WARN_UNGUARDED_AVAILABILITY = YES_AGGRESSIVE;
				CLANG_WARN_UNREACHABLE_CODE = YES;
				CLANG_WARN__DUPLICATE_METHOD_MATCH = YES;
				COPY_PHASE_STRIP = NO;
				DEBUG_INFORMATION_FORMAT = "dwarf-with-dsym";
				ENABLE_NS_ASSERTIONS = NO;
				ENABLE_STRICT_OBJC_MSGSEND = YES;
				GCC_C_LANGUAGE_STANDARD = gnu11;
				GCC_NO_COMMON_BLOCKS = YES;
				GCC_WARN_64_TO_32_BIT_CONVERSION = YES;
				GCC_WARN_ABOUT_RETURN_TYPE = YES_ERROR;
				GCC_WARN_UNDECLARED_SELECTOR = YES;
				GCC_WARN_UNINITIALIZED_AUTOS = YES_AGGRESSIVE;
				GCC_WARN_UNUSED_FUNCTION = YES;
				GCC_WARN_UNUSED_VARIABLE = YES;
				IPHONEOS_DEPLOYMENT_TARGET = 13.0;
				MTL_ENABLE_DEBUG_INFO = NO;
				MTL_FAST_MATH = YES;
				SDKROOT = iphoneos;
				SWIFT_COMPILATION_MODE = wholemodule;
				SWIFT_OPTIMIZATION_LEVEL = "-O";
				VALIDATE_PRODUCT = YES;
			};
			name = Release;
		};
		06F09FC529D5F82E00AF69EF /* Debug */ = {
			isa = XCBuildConfiguration;
			buildSettings = {
				ASSETCATALOG_COMPILER_APPICON_NAME = AppIcon;
				ASSETCATALOG_COMPILER_GLOBAL_ACCENT_COLOR_NAME = AccentColor;
				CODE_SIGN_STYLE = Automatic;
				CURRENT_PROJECT_VERSION = 1;
				DEVELOPMENT_TEAM = C26R7682J9;
				GENERATE_INFOPLIST_FILE = YES;
				INFOPLIST_FILE = Image/Other/Info.plist;
				INFOPLIST_KEY_NSLocationWhenInUseUsageDescription = "Разрешите доступ к местоположению чтобы автоматически определить погоду в вашем городе";
				INFOPLIST_KEY_UIApplicationSupportsIndirectInputEvents = YES;
				INFOPLIST_KEY_UILaunchStoryboardName = "";
				INFOPLIST_KEY_UISupportedInterfaceOrientations_iPad = "UIInterfaceOrientationPortrait UIInterfaceOrientationPortraitUpsideDown UIInterfaceOrientationLandscapeLeft UIInterfaceOrientationLandscapeRight";
				INFOPLIST_KEY_UISupportedInterfaceOrientations_iPhone = "UIInterfaceOrientationPortrait UIInterfaceOrientationLandscapeLeft UIInterfaceOrientationLandscapeRight";
				LD_RUNPATH_SEARCH_PATHS = (
					"$(inherited)",
					"@executable_path/Frameworks",
				);
				MARKETING_VERSION = 1.0;
				PRODUCT_BUNDLE_IDENTIFIER = "-23.Image";
				PRODUCT_NAME = "$(TARGET_NAME)";
				SWIFT_EMIT_LOC_STRINGS = YES;
				SWIFT_VERSION = 5.0;
				TARGETED_DEVICE_FAMILY = "1,2";
			};
			name = Debug;
		};
		06F09FC629D5F82E00AF69EF /* Release */ = {
			isa = XCBuildConfiguration;
			buildSettings = {
				ASSETCATALOG_COMPILER_APPICON_NAME = AppIcon;
				ASSETCATALOG_COMPILER_GLOBAL_ACCENT_COLOR_NAME = AccentColor;
				CODE_SIGN_STYLE = Automatic;
				CURRENT_PROJECT_VERSION = 1;
				DEVELOPMENT_TEAM = C26R7682J9;
				GENERATE_INFOPLIST_FILE = YES;
				INFOPLIST_FILE = Image/Other/Info.plist;
				INFOPLIST_KEY_NSLocationWhenInUseUsageDescription = "Разрешите доступ к местоположению чтобы автоматически определить погоду в вашем городе";
				INFOPLIST_KEY_UIApplicationSupportsIndirectInputEvents = YES;
				INFOPLIST_KEY_UILaunchStoryboardName = "";
				INFOPLIST_KEY_UISupportedInterfaceOrientations_iPad = "UIInterfaceOrientationPortrait UIInterfaceOrientationPortraitUpsideDown UIInterfaceOrientationLandscapeLeft UIInterfaceOrientationLandscapeRight";
				INFOPLIST_KEY_UISupportedInterfaceOrientations_iPhone = "UIInterfaceOrientationPortrait UIInterfaceOrientationLandscapeLeft UIInterfaceOrientationLandscapeRight";
				LD_RUNPATH_SEARCH_PATHS = (
					"$(inherited)",
					"@executable_path/Frameworks",
				);
				MARKETING_VERSION = 1.0;
				PRODUCT_BUNDLE_IDENTIFIER = "-23.Image";
				PRODUCT_NAME = "$(TARGET_NAME)";
				SWIFT_EMIT_LOC_STRINGS = YES;
				SWIFT_VERSION = 5.0;
				TARGETED_DEVICE_FAMILY = "1,2";
			};
			name = Release;
		};
/* End XCBuildConfiguration section */

/* Begin XCConfigurationList section */
		06F09FAB29D5F82D00AF69EF /* Build configuration list for PBXProject "Image" */ = {
			isa = XCConfigurationList;
			buildConfigurations = (
				06F09FC229D5F82E00AF69EF /* Debug */,
				06F09FC329D5F82E00AF69EF /* Release */,
			);
			defaultConfigurationIsVisible = 0;
			defaultConfigurationName = Release;
		};
		06F09FC429D5F82E00AF69EF /* Build configuration list for PBXNativeTarget "Image" */ = {
			isa = XCConfigurationList;
			buildConfigurations = (
				06F09FC529D5F82E00AF69EF /* Debug */,
				06F09FC629D5F82E00AF69EF /* Release */,
			);
			defaultConfigurationIsVisible = 0;
			defaultConfigurationName = Release;
		};
/* End XCConfigurationList section */

/* Begin XCRemoteSwiftPackageReference section */
		06F09FCF29D5F9AA00AF69EF /* XCRemoteSwiftPackageReference "snapkit" */ = {
			isa = XCRemoteSwiftPackageReference;
			repositoryURL = "https://github.com/snapkit/snapkit";
			requirement = {
				kind = upToNextMajorVersion;
				minimumVersion = 5.0.0;
			};
		};
/* End XCRemoteSwiftPackageReference section */

/* Begin XCSwiftPackageProductDependency section */
		06F09FD029D5F9AB00AF69EF /* SnapKit-Dynamic */ = {
			isa = XCSwiftPackageProductDependency;
			package = 06F09FCF29D5F9AA00AF69EF /* XCRemoteSwiftPackageReference "snapkit" */;
			productName = "SnapKit-Dynamic";
		};
/* End XCSwiftPackageProductDependency section */
	};
	rootObject = 06F09FA829D5F82D00AF69EF /* Project object */;
}
